
Microsoft Visual Studio Solution File, Format Version 12.00
# Visual Studio Version 16
VisualStudioVersion = 16.0.30011.22
MinimumVisualStudioVersion = 10.0.40219.1
Project("{9A19103F-16F7-4668-BE54-9A1E7A4F7556}") = "VanityDashboard.Web", "VanityDashboard.Web\VanityDashboard.Web.csproj", "{AAE12B95-089F-4BB0-A0D7-3D0479FF70BA}"
EndProject
Project("{FAE04EC0-301F-11D3-BF4B-00C04F79EFBC}") = "VanityDashboard.Data", "VanityDashboard.Data\VanityDashboard.Data.csproj", "{D204AC0B-026B-45EA-BE38-8AD412FFB5D4}"
EndProject
Project("{FAE04EC0-301F-11D3-BF4B-00C04F79EFBC}") = "VanityDashboard.Servies", "VanityDashboard.Servies\VanityDashboard.Servies.csproj", "{96F37327-5919-49B0-BEC0-436929010DEF}"
EndProject
Global
	GlobalSection(SolutionConfigurationPlatforms) = preSolution
		Debug|Any CPU = Debug|Any CPU
		Release|Any CPU = Release|Any CPU
	EndGlobalSection
	GlobalSection(ProjectConfigurationPlatforms) = postSolution
		{AAE12B95-089F-4BB0-A0D7-3D0479FF70BA}.Debug|Any CPU.ActiveCfg = Debug|Any CPU
		{AAE12B95-089F-4BB0-A0D7-3D0479FF70BA}.Debug|Any CPU.Build.0 = Debug|Any CPU
		{AAE12B95-089F-4BB0-A0D7-3D0479FF70BA}.Release|Any CPU.ActiveCfg = Release|Any CPU
		{AAE12B95-089F-4BB0-A0D7-3D0479FF70BA}.Release|Any CPU.Build.0 = Release|Any CPU
		{D204AC0B-026B-45EA-BE38-8AD412FFB5D4}.Debug|Any CPU.ActiveCfg = Debug|Any CPU
		{D204AC0B-026B-45EA-BE38-8AD412FFB5D4}.Debug|Any CPU.Build.0 = Debug|Any CPU
		{D204AC0B-026B-45EA-BE38-8AD412FFB5D4}.Release|Any CPU.ActiveCfg = Release|Any CPU
		{D204AC0B-026B-45EA-BE38-8AD412FFB5D4}.Release|Any CPU.Build.0 = Release|Any CPU
		{96F37327-5919-49B0-BEC0-436929010DEF}.Debug|Any CPU.ActiveCfg = Debug|Any CPU
		{96F37327-5919-49B0-BEC0-436929010DEF}.Debug|Any CPU.Build.0 = Debug|Any CPU
		{96F37327-5919-49B0-BEC0-436929010DEF}.Release|Any CPU.ActiveCfg = Release|Any CPU
		{96F37327-5919-49B0-BEC0-436929010DEF}.Release|Any CPU.Build.0 = Release|Any CPU
	EndGlobalSection
	GlobalSection(SolutionProperties) = preSolution
		HideSolutionNode = FALSE
	EndGlobalSection
	GlobalSection(ExtensibilityGlobals) = postSolution
		SolutionGuid = {3EF35A8C-3B72-408C-878A-3B928E5ACD6A}
	EndGlobalSection
EndGlobal
